
Microsoft Visual Studio Solution File, Format Version 12.00
# Visual Studio Version 16
VisualStudioVersion = 16.0.30011.22
MinimumVisualStudioVersion = 10.0.40219.1
Project("{FAE04EC0-301F-11D3-BF4B-00C04F79EFBC}") = "Email", "Email\Email.csproj", "{E6276691-ADC6-4C59-A2F9-AEC0290C096B}"
EndProject
Project("{FAE04EC0-301F-11D3-BF4B-00C04F79EFBC}") = "Twilio", "Twilio\Twilio.csproj", "{8E0DE342-5176-4996-85C1-B0A05F0D5E8C}"
EndProject
Global
	GlobalSection(SolutionConfigurationPlatforms) = preSolution
		Debug|Any CPU = Debug|Any CPU
		Release|Any CPU = Release|Any CPU
	EndGlobalSection
	GlobalSection(ProjectConfigurationPlatforms) = postSolution
		{E6276691-ADC6-4C59-A2F9-AEC0290C096B}.Debug|Any CPU.ActiveCfg = Debug|Any CPU
		{E6276691-ADC6-4C59-A2F9-AEC0290C096B}.Debug|Any CPU.Build.0 = Debug|Any CPU
		{E6276691-ADC6-4C59-A2F9-AEC0290C096B}.Release|Any CPU.ActiveCfg = Release|Any CPU
		{E6276691-ADC6-4C59-A2F9-AEC0290C096B}.Release|Any CPU.Build.0 = Release|Any CPU
		{8E0DE342-5176-4996-85C1-B0A05F0D5E8C}.Debug|Any CPU.ActiveCfg = Debug|Any CPU
		{8E0DE342-5176-4996-85C1-B0A05F0D5E8C}.Debug|Any CPU.Build.0 = Debug|Any CPU
		{8E0DE342-5176-4996-85C1-B0A05F0D5E8C}.Release|Any CPU.ActiveCfg = Release|Any CPU
		{8E0DE342-5176-4996-85C1-B0A05F0D5E8C}.Release|Any CPU.Build.0 = Release|Any CPU
	EndGlobalSection
	GlobalSection(SolutionProperties) = preSolution
		HideSolutionNode = FALSE
	EndGlobalSection
	GlobalSection(ExtensibilityGlobals) = postSolution
		SolutionGuid = {C715BA8E-B109-44D4-B58A-806B2BD345B2}
	EndGlobalSection
EndGlobal
